
Microsoft Visual Studio Solution File, Format Version 12.00
# Visual Studio 15
VisualStudioVersion = 15.0.27703.2047
MinimumVisualStudioVersion = 10.0.40219.1
Project("{FAE04EC0-301F-11D3-BF4B-00C04F79EFBC}") = "Ej_13", "Ej_13\Ej_13.csproj", "{3135A43D-BC3A-4720-A6F1-0D44F051D19D}"
EndProject
Project("{FAE04EC0-301F-11D3-BF4B-00C04F79EFBC}") = "Ej_14", "Ej_14\Ej_14.csproj", "{FCD7B6C0-E28D-48D5-A7C4-A974BC2DCAA2}"
EndProject
Project("{FAE04EC0-301F-11D3-BF4B-00C04F79EFBC}") = "Ej_15", "Ej_15\Ej_15.csproj", "{29CA4B78-4E7D-46C0-9482-B892AF6461F7}"
EndProject
Project("{FAE04EC0-301F-11D3-BF4B-00C04F79EFBC}") = "Ej_16", "Ej_16\Ej_16.csproj", "{99ABF348-56CA-4B12-BD98-19CEBA676F0B}"
EndProject
Project("{FAE04EC0-301F-11D3-BF4B-00C04F79EFBC}") = "Ej_17", "Ej_17\Ej_17.csproj", "{6F9BD774-C11B-4E79-8073-6848E12736C3}"
EndProject
Project("{FAE04EC0-301F-11D3-BF4B-00C04F79EFBC}") = "Ej_18", "Ej_18\Ej_18.csproj", "{E3C97646-070D-482D-9144-F0B7222ABC36}"
EndProject
Project("{FAE04EC0-301F-11D3-BF4B-00C04F79EFBC}") = "Ej_19", "Ej_19\Ej_19.csproj", "{CC1C6F24-651B-4227-8877-B039252CD4F4}"
EndProject
Project("{FAE04EC0-301F-11D3-BF4B-00C04F79EFBC}") = "Clase_05_Repaso", "Clase_05_Repaso\Clase_05_Repaso.csproj", "{8F628493-9FE9-432B-9C0C-1F5FB2D0F473}"
EndProject
Project("{FAE04EC0-301F-11D3-BF4B-00C04F79EFBC}") = "Ej_20", "Ej_20\Ej_20.csproj", "{7D100AFA-FFAF-4369-9D89-85696489D8E6}"
EndProject
Project("{FAE04EC0-301F-11D3-BF4B-00C04F79EFBC}") = "Billetes", "Billetes\Billetes.csproj", "{912F3AB7-4A66-4A9F-B4BC-9EA83EC9786F}"
EndProject
Project("{FAE04EC0-301F-11D3-BF4B-00C04F79EFBC}") = "Ej_21", "Ej_21\Ej_21.csproj", "{DA1A5B10-3E5E-4221-A1C0-75A268FF3E22}"
EndProject
Project("{FAE04EC0-301F-11D3-BF4B-00C04F79EFBC}") = "Biblioteca_Ej21", "Biblioteca_Ej21\Biblioteca_Ej21.csproj", "{0256EBB6-BA89-4FE0-917E-2FE5BED0AACA}"
EndProject
Project("{FAE04EC0-301F-11D3-BF4B-00C04F79EFBC}") = "Ej_22", "Ej_22\Ej_22.csproj", "{2D21B18D-46EC-41C6-9AF8-8EE4ED3C8AC1}"
EndProject
Project("{FAE04EC0-301F-11D3-BF4B-00C04F79EFBC}") = "Ej_23_Form", "Ej_23_Form\Ej_23_Form.csproj", "{8D2C5776-2D70-4519-8640-69A94B6B1C87}"
EndProject
Project("{FAE04EC0-301F-11D3-BF4B-00C04F79EFBC}") = "Ej_24_Form", "Ej_24_Form\Ej_24_Form.csproj", "{B0E90980-5421-4A81-B8BF-167811456B0D}"
EndProject
Project("{FAE04EC0-301F-11D3-BF4B-00C04F79EFBC}") = "Ej_25_Form", "Ej_25_Form\Ej_25_Form.csproj", "{1561A87A-1530-4C08-A61F-9C995A5EB090}"
EndProject
Project("{FAE04EC0-301F-11D3-BF4B-00C04F79EFBC}") = "Ej_37_CentralTelefonicaConsola", "Ej_37_CentralTelefonicaConsola\Ej_37_CentralTelefonicaConsola.csproj", "{C683C124-7AA1-4F2F-932B-7AE7341D3163}"
EndProject
Project("{FAE04EC0-301F-11D3-BF4B-00C04F79EFBC}") = "Ej_26", "Ej_26\Ej_26.csproj", "{DA1B1D10-7719-4893-B2F9-B499F6F637F8}"
EndProject
Project("{FAE04EC0-301F-11D3-BF4B-00C04F79EFBC}") = "Ej_27", "Ej_27\Ej_27.csproj", "{6E1628A3-9ABC-4080-9718-F50E331278AF}"
EndProject
Project("{FAE04EC0-301F-11D3-BF4B-00C04F79EFBC}") = "Ej_28_Form", "Ej_28_Form\Ej_28_Form.csproj", "{FC103CDE-BA65-456E-AA35-3D197B29FEAC}"
EndProject
Project("{FAE04EC0-301F-11D3-BF4B-00C04F79EFBC}") = "Ej_29", "Ej_29\Ej_29.csproj", "{81F86937-8346-4DAA-8B20-C04FA145B3F7}"
EndProject
Project("{FAE04EC0-301F-11D3-BF4B-00C04F79EFBC}") = "Bilblioteca_Ej29", "Bilblioteca_Ej29\Bilblioteca_Ej29.csproj", "{DDC059B8-24E7-4942-9641-EA09A65BBE69}"
EndProject
Project("{FAE04EC0-301F-11D3-BF4B-00C04F79EFBC}") = "Ej_30", "Ej_30\Ej_30.csproj", "{40D57095-AF6D-4A6E-B26A-D3842F91392A}"
EndProject
Project("{FAE04EC0-301F-11D3-BF4B-00C04F79EFBC}") = "Biblioteca_Ej30", "Biblioteca_Ej30\Biblioteca_Ej30.csproj", "{A1C54FC0-7D9A-4FB1-A569-57E7F83497B2}"
EndProject
Project("{FAE04EC0-301F-11D3-BF4B-00C04F79EFBC}") = "Ej_31", "Ej_31\Ej_31.csproj", "{BEA64A11-F53E-4B38-B20B-3832869E2075}"
EndProject
Project("{FAE04EC0-301F-11D3-BF4B-00C04F79EFBC}") = "Biblioteca_Ej31", "Biblioteca_Ej31\Biblioteca_Ej31.csproj", "{87313D92-00F3-4EA5-945C-6CDAADE6EAE2}"
EndProject
Project("{FAE04EC0-301F-11D3-BF4B-00C04F79EFBC}") = "Bilblioteca_CentralTelefonica", "Bilblioteca_CentralTelefonica\Bilblioteca_CentralTelefonica.csproj", "{E5C0918D-73E4-4E3C-B882-F86772B3C1BC}"
EndProject
Project("{FAE04EC0-301F-11D3-BF4B-00C04F79EFBC}") = "Bilblioteca_CentralitaAbstractasPolimorfismo", "Bilblioteca_CentralitaAbstractasPolimorfismo\Bilblioteca_CentralitaAbstractasPolimorfismo.csproj", "{21D8C5AD-19D9-4295-84FF-279918E58666}"
EndProject
Project("{FAE04EC0-301F-11D3-BF4B-00C04F79EFBC}") = "Ej_40_Form", "Ej_40_Form\Ej_40_Form.csproj", "{580FAFEB-9AEF-4B5C-8F68-F367DCE988FB}"
EndProject
Project("{FAE04EC0-301F-11D3-BF4B-00C04F79EFBC}") = "Ej_36", "Ej_36\Ej_36.csproj", "{BD08089D-074E-476C-A2D7-C3982670D457}"
EndProject
Project("{FAE04EC0-301F-11D3-BF4B-00C04F79EFBC}") = "Ej_38", "Ej_38\Ej_38.csproj", "{49300FB9-1336-445E-AD51-A20A6E0F3B8F}"
EndProject
Project("{FAE04EC0-301F-11D3-BF4B-00C04F79EFBC}") = "Ej_39", "Ej_39\Ej_39.csproj", "{54C6F905-2585-41D3-8930-DD9FED4973E6}"
EndProject
Project("{FAE04EC0-301F-11D3-BF4B-00C04F79EFBC}") = "Ej_41", "Ej_41\Ej_41.csproj", "{0617B23C-4FE9-4FF3-9A29-CD0E8C0C501B}"
EndProject
Project("{FAE04EC0-301F-11D3-BF4B-00C04F79EFBC}") = "Ej_42", "Ej_42\Ej_42.csproj", "{47547B0C-02B8-48D6-A163-827C5ACB8B1A}"
EndProject
Project("{FAE04EC0-301F-11D3-BF4B-00C04F79EFBC}") = "Ej_44", "Ej_44\Ej_44.csproj", "{94A782FF-FDE6-42B7-B446-F1C309041631}"
EndProject
Project("{FAE04EC0-301F-11D3-BF4B-00C04F79EFBC}") = "Ej_43", "Ej_43\Ej_43.csproj", "{D93D4D7D-7499-41D2-A354-2761A08C7F3B}"
EndProject
Project("{FAE04EC0-301F-11D3-BF4B-00C04F79EFBC}") = "Ej_50", "Ej_50\Ej_50.csproj", "{005E674A-7B1B-4EA6-838B-59DE9B09055E}"
EndProject
Project("{FAE04EC0-301F-11D3-BF4B-00C04F79EFBC}") = "Ej_54", "Ej_54\Ej_54.csproj", "{4A7D5F73-B351-4B76-A6EE-1869F1D72582}"
EndProject
Project("{FAE04EC0-301F-11D3-BF4B-00C04F79EFBC}") = "Ej_56_Form", "Ej_56_For,\Ej_56_Form.csproj", "{2432CF45-D2BE-46FD-BE27-6F0ED38755B0}"
EndProject
Project("{FAE04EC0-301F-11D3-BF4B-00C04F79EFBC}") = "Ej_57", "Ej_57\Ej_57.csproj", "{42FEE089-4DD3-4F70-8533-6D1B218A7D92}"
EndProject
Project("{FAE04EC0-301F-11D3-BF4B-00C04F79EFBC}") = "Ej_61_Form", "Ej_61_Form\Ej_61_Form.csproj", "{BA29BFBD-BE2C-4BD0-A2D8-589AEB65B879}"
EndProject
Project("{FAE04EC0-301F-11D3-BF4B-00C04F79EFBC}") = "Ej_68_Form", "Ej_68_Form\Ej_68_Form.csproj", "{8C6447EB-A845-41A9-9BB5-30F097A61141}"
EndProject
Project("{FAE04EC0-301F-11D3-BF4B-00C04F79EFBC}") = "Ej_69_Form", "Ej_69_Form\Ej_69_Form.csproj", "{5981001F-C2A4-49EA-BFA0-36B9A1F86F86}"
EndProject
Project("{FAE04EC0-301F-11D3-BF4B-00C04F79EFBC}") = "ManejoHilos", "ManejoHilos\ManejoHilos.csproj", "{D5891950-9EEC-4ED3-9E87-048EF4BEF690}"
EndProject
Project("{FAE04EC0-301F-11D3-BF4B-00C04F79EFBC}") = "TrabajandoConHilos", "TrabajandoConHilos\TrabajandoConHilos.csproj", "{8AD101A4-E8B4-4884-A6C4-0F1CA9CC6074}"
EndProject
Project("{FAE04EC0-301F-11D3-BF4B-00C04F79EFBC}") = "SincronizacionThereads", "SincronizacionThereads\SincronizacionThereads.csproj", "{38577ABD-BA33-4091-9D0D-6CCADAC08911}"
EndProject
Project("{FAE04EC0-301F-11D3-BF4B-00C04F79EFBC}") = "TrabajandoEjemploCompletodeThreads", "TrabajandoEjemploCompletodeThreads\TrabajandoEjemploCompletodeThreads.csproj", "{7CA4EC6C-798D-442E-9D87-70F02374B5C4}"
EndProject
Global
	GlobalSection(SolutionConfigurationPlatforms) = preSolution
		Debug|Any CPU = Debug|Any CPU
		Release|Any CPU = Release|Any CPU
	EndGlobalSection
	GlobalSection(ProjectConfigurationPlatforms) = postSolution
		{3135A43D-BC3A-4720-A6F1-0D44F051D19D}.Debug|Any CPU.ActiveCfg = Debug|Any CPU
		{3135A43D-BC3A-4720-A6F1-0D44F051D19D}.Debug|Any CPU.Build.0 = Debug|Any CPU
		{3135A43D-BC3A-4720-A6F1-0D44F051D19D}.Release|Any CPU.ActiveCfg = Release|Any CPU
		{3135A43D-BC3A-4720-A6F1-0D44F051D19D}.Release|Any CPU.Build.0 = Release|Any CPU
		{FCD7B6C0-E28D-48D5-A7C4-A974BC2DCAA2}.Debug|Any CPU.ActiveCfg = Debug|Any CPU
		{FCD7B6C0-E28D-48D5-A7C4-A974BC2DCAA2}.Debug|Any CPU.Build.0 = Debug|Any CPU
		{FCD7B6C0-E28D-48D5-A7C4-A974BC2DCAA2}.Release|Any CPU.ActiveCfg = Release|Any CPU
		{FCD7B6C0-E28D-48D5-A7C4-A974BC2DCAA2}.Release|Any CPU.Build.0 = Release|Any CPU
		{29CA4B78-4E7D-46C0-9482-B892AF6461F7}.Debug|Any CPU.ActiveCfg = Debug|Any CPU
		{29CA4B78-4E7D-46C0-9482-B892AF6461F7}.Debug|Any CPU.Build.0 = Debug|Any CPU
		{29CA4B78-4E7D-46C0-9482-B892AF6461F7}.Release|Any CPU.ActiveCfg = Release|Any CPU
		{29CA4B78-4E7D-46C0-9482-B892AF6461F7}.Release|Any CPU.Build.0 = Release|Any CPU
		{99ABF348-56CA-4B12-BD98-19CEBA676F0B}.Debug|Any CPU.ActiveCfg = Debug|Any CPU
		{99ABF348-56CA-4B12-BD98-19CEBA676F0B}.Debug|Any CPU.Build.0 = Debug|Any CPU
		{99ABF348-56CA-4B12-BD98-19CEBA676F0B}.Release|Any CPU.ActiveCfg = Release|Any CPU
		{99ABF348-56CA-4B12-BD98-19CEBA676F0B}.Release|Any CPU.Build.0 = Release|Any CPU
		{6F9BD774-C11B-4E79-8073-6848E12736C3}.Debug|Any CPU.ActiveCfg = Debug|Any CPU
		{6F9BD774-C11B-4E79-8073-6848E12736C3}.Debug|Any CPU.Build.0 = Debug|Any CPU
		{6F9BD774-C11B-4E79-8073-6848E12736C3}.Release|Any CPU.ActiveCfg = Release|Any CPU
		{6F9BD774-C11B-4E79-8073-6848E12736C3}.Release|Any CPU.Build.0 = Release|Any CPU
		{E3C97646-070D-482D-9144-F0B7222ABC36}.Debug|Any CPU.ActiveCfg = Debug|Any CPU
		{E3C97646-070D-482D-9144-F0B7222ABC36}.Debug|Any CPU.Build.0 = Debug|Any CPU
		{E3C97646-070D-482D-9144-F0B7222ABC36}.Release|Any CPU.ActiveCfg = Release|Any CPU
		{E3C97646-070D-482D-9144-F0B7222ABC36}.Release|Any CPU.Build.0 = Release|Any CPU
		{CC1C6F24-651B-4227-8877-B039252CD4F4}.Debug|Any CPU.ActiveCfg = Debug|Any CPU
		{CC1C6F24-651B-4227-8877-B039252CD4F4}.Debug|Any CPU.Build.0 = Debug|Any CPU
		{CC1C6F24-651B-4227-8877-B039252CD4F4}.Release|Any CPU.ActiveCfg = Release|Any CPU
		{CC1C6F24-651B-4227-8877-B039252CD4F4}.Release|Any CPU.Build.0 = Release|Any CPU
		{8F628493-9FE9-432B-9C0C-1F5FB2D0F473}.Debug|Any CPU.ActiveCfg = Debug|Any CPU
		{8F628493-9FE9-432B-9C0C-1F5FB2D0F473}.Debug|Any CPU.Build.0 = Debug|Any CPU
		{8F628493-9FE9-432B-9C0C-1F5FB2D0F473}.Release|Any CPU.ActiveCfg = Release|Any CPU
		{8F628493-9FE9-432B-9C0C-1F5FB2D0F473}.Release|Any CPU.Build.0 = Release|Any CPU
		{7D100AFA-FFAF-4369-9D89-85696489D8E6}.Debug|Any CPU.ActiveCfg = Debug|Any CPU
		{7D100AFA-FFAF-4369-9D89-85696489D8E6}.Debug|Any CPU.Build.0 = Debug|Any CPU
		{7D100AFA-FFAF-4369-9D89-85696489D8E6}.Release|Any CPU.ActiveCfg = Release|Any CPU
		{7D100AFA-FFAF-4369-9D89-85696489D8E6}.Release|Any CPU.Build.0 = Release|Any CPU
		{912F3AB7-4A66-4A9F-B4BC-9EA83EC9786F}.Debug|Any CPU.ActiveCfg = Debug|Any CPU
		{912F3AB7-4A66-4A9F-B4BC-9EA83EC9786F}.Debug|Any CPU.Build.0 = Debug|Any CPU
		{912F3AB7-4A66-4A9F-B4BC-9EA83EC9786F}.Release|Any CPU.ActiveCfg = Release|Any CPU
		{912F3AB7-4A66-4A9F-B4BC-9EA83EC9786F}.Release|Any CPU.Build.0 = Release|Any CPU
		{DA1A5B10-3E5E-4221-A1C0-75A268FF3E22}.Debug|Any CPU.ActiveCfg = Debug|Any CPU
		{DA1A5B10-3E5E-4221-A1C0-75A268FF3E22}.Debug|Any CPU.Build.0 = Debug|Any CPU
		{DA1A5B10-3E5E-4221-A1C0-75A268FF3E22}.Release|Any CPU.ActiveCfg = Release|Any CPU
		{DA1A5B10-3E5E-4221-A1C0-75A268FF3E22}.Release|Any CPU.Build.0 = Release|Any CPU
		{0256EBB6-BA89-4FE0-917E-2FE5BED0AACA}.Debug|Any CPU.ActiveCfg = Debug|Any CPU
		{0256EBB6-BA89-4FE0-917E-2FE5BED0AACA}.Debug|Any CPU.Build.0 = Debug|Any CPU
		{0256EBB6-BA89-4FE0-917E-2FE5BED0AACA}.Release|Any CPU.ActiveCfg = Release|Any CPU
		{0256EBB6-BA89-4FE0-917E-2FE5BED0AACA}.Release|Any CPU.Build.0 = Release|Any CPU
		{2D21B18D-46EC-41C6-9AF8-8EE4ED3C8AC1}.Debug|Any CPU.ActiveCfg = Debug|Any CPU
		{2D21B18D-46EC-41C6-9AF8-8EE4ED3C8AC1}.Debug|Any CPU.Build.0 = Debug|Any CPU
		{2D21B18D-46EC-41C6-9AF8-8EE4ED3C8AC1}.Release|Any CPU.ActiveCfg = Release|Any CPU
		{2D21B18D-46EC-41C6-9AF8-8EE4ED3C8AC1}.Release|Any CPU.Build.0 = Release|Any CPU
		{8D2C5776-2D70-4519-8640-69A94B6B1C87}.Debug|Any CPU.ActiveCfg = Debug|Any CPU
		{8D2C5776-2D70-4519-8640-69A94B6B1C87}.Debug|Any CPU.Build.0 = Debug|Any CPU
		{8D2C5776-2D70-4519-8640-69A94B6B1C87}.Release|Any CPU.ActiveCfg = Release|Any CPU
		{8D2C5776-2D70-4519-8640-69A94B6B1C87}.Release|Any CPU.Build.0 = Release|Any CPU
		{B0E90980-5421-4A81-B8BF-167811456B0D}.Debug|Any CPU.ActiveCfg = Debug|Any CPU
		{B0E90980-5421-4A81-B8BF-167811456B0D}.Debug|Any CPU.Build.0 = Debug|Any CPU
		{B0E90980-5421-4A81-B8BF-167811456B0D}.Release|Any CPU.ActiveCfg = Release|Any CPU
		{B0E90980-5421-4A81-B8BF-167811456B0D}.Release|Any CPU.Build.0 = Release|Any CPU
		{1561A87A-1530-4C08-A61F-9C995A5EB090}.Debug|Any CPU.ActiveCfg = Debug|Any CPU
		{1561A87A-1530-4C08-A61F-9C995A5EB090}.Debug|Any CPU.Build.0 = Debug|Any CPU
		{1561A87A-1530-4C08-A61F-9C995A5EB090}.Release|Any CPU.ActiveCfg = Release|Any CPU
		{1561A87A-1530-4C08-A61F-9C995A5EB090}.Release|Any CPU.Build.0 = Release|Any CPU
		{C683C124-7AA1-4F2F-932B-7AE7341D3163}.Debug|Any CPU.ActiveCfg = Debug|Any CPU
		{C683C124-7AA1-4F2F-932B-7AE7341D3163}.Debug|Any CPU.Build.0 = Debug|Any CPU
		{C683C124-7AA1-4F2F-932B-7AE7341D3163}.Release|Any CPU.ActiveCfg = Release|Any CPU
		{C683C124-7AA1-4F2F-932B-7AE7341D3163}.Release|Any CPU.Build.0 = Release|Any CPU
		{DA1B1D10-7719-4893-B2F9-B499F6F637F8}.Debug|Any CPU.ActiveCfg = Debug|Any CPU
		{DA1B1D10-7719-4893-B2F9-B499F6F637F8}.Debug|Any CPU.Build.0 = Debug|Any CPU
		{DA1B1D10-7719-4893-B2F9-B499F6F637F8}.Release|Any CPU.ActiveCfg = Release|Any CPU
		{DA1B1D10-7719-4893-B2F9-B499F6F637F8}.Release|Any CPU.Build.0 = Release|Any CPU
		{6E1628A3-9ABC-4080-9718-F50E331278AF}.Debug|Any CPU.ActiveCfg = Debug|Any CPU
		{6E1628A3-9ABC-4080-9718-F50E331278AF}.Debug|Any CPU.Build.0 = Debug|Any CPU
		{6E1628A3-9ABC-4080-9718-F50E331278AF}.Release|Any CPU.ActiveCfg = Release|Any CPU
		{6E1628A3-9ABC-4080-9718-F50E331278AF}.Release|Any CPU.Build.0 = Release|Any CPU
		{FC103CDE-BA65-456E-AA35-3D197B29FEAC}.Debug|Any CPU.ActiveCfg = Debug|Any CPU
		{FC103CDE-BA65-456E-AA35-3D197B29FEAC}.Debug|Any CPU.Build.0 = Debug|Any CPU
		{FC103CDE-BA65-456E-AA35-3D197B29FEAC}.Release|Any CPU.ActiveCfg = Release|Any CPU
		{FC103CDE-BA65-456E-AA35-3D197B29FEAC}.Release|Any CPU.Build.0 = Release|Any CPU
		{81F86937-8346-4DAA-8B20-C04FA145B3F7}.Debug|Any CPU.ActiveCfg = Debug|Any CPU
		{81F86937-8346-4DAA-8B20-C04FA145B3F7}.Debug|Any CPU.Build.0 = Debug|Any CPU
		{81F86937-8346-4DAA-8B20-C04FA145B3F7}.Release|Any CPU.ActiveCfg = Release|Any CPU
		{81F86937-8346-4DAA-8B20-C04FA145B3F7}.Release|Any CPU.Build.0 = Release|Any CPU
		{DDC059B8-24E7-4942-9641-EA09A65BBE69}.Debug|Any CPU.ActiveCfg = Debug|Any CPU
		{DDC059B8-24E7-4942-9641-EA09A65BBE69}.Debug|Any CPU.Build.0 = Debug|Any CPU
		{DDC059B8-24E7-4942-9641-EA09A65BBE69}.Release|Any CPU.ActiveCfg = Release|Any CPU
		{DDC059B8-24E7-4942-9641-EA09A65BBE69}.Release|Any CPU.Build.0 = Release|Any CPU
		{40D57095-AF6D-4A6E-B26A-D3842F91392A}.Debug|Any CPU.ActiveCfg = Debug|Any CPU
		{40D57095-AF6D-4A6E-B26A-D3842F91392A}.Debug|Any CPU.Build.0 = Debug|Any CPU
		{40D57095-AF6D-4A6E-B26A-D3842F91392A}.Release|Any CPU.ActiveCfg = Release|Any CPU
		{40D57095-AF6D-4A6E-B26A-D3842F91392A}.Release|Any CPU.Build.0 = Release|Any CPU
		{A1C54FC0-7D9A-4FB1-A569-57E7F83497B2}.Debug|Any CPU.ActiveCfg = Debug|Any CPU
		{A1C54FC0-7D9A-4FB1-A569-57E7F83497B2}.Debug|Any CPU.Build.0 = Debug|Any CPU
		{A1C54FC0-7D9A-4FB1-A569-57E7F83497B2}.Release|Any CPU.ActiveCfg = Release|Any CPU
		{A1C54FC0-7D9A-4FB1-A569-57E7F83497B2}.Release|Any CPU.Build.0 = Release|Any CPU
		{BEA64A11-F53E-4B38-B20B-3832869E2075}.Debug|Any CPU.ActiveCfg = Debug|Any CPU
		{BEA64A11-F53E-4B38-B20B-3832869E2075}.Debug|Any CPU.Build.0 = Debug|Any CPU
		{BEA64A11-F53E-4B38-B20B-3832869E2075}.Release|Any CPU.ActiveCfg = Release|Any CPU
		{BEA64A11-F53E-4B38-B20B-3832869E2075}.Release|Any CPU.Build.0 = Release|Any CPU
		{87313D92-00F3-4EA5-945C-6CDAADE6EAE2}.Debug|Any CPU.ActiveCfg = Debug|Any CPU
		{87313D92-00F3-4EA5-945C-6CDAADE6EAE2}.Debug|Any CPU.Build.0 = Debug|Any CPU
		{87313D92-00F3-4EA5-945C-6CDAADE6EAE2}.Release|Any CPU.ActiveCfg = Release|Any CPU
		{87313D92-00F3-4EA5-945C-6CDAADE6EAE2}.Release|Any CPU.Build.0 = Release|Any CPU
		{E5C0918D-73E4-4E3C-B882-F86772B3C1BC}.Debug|Any CPU.ActiveCfg = Debug|Any CPU
		{E5C0918D-73E4-4E3C-B882-F86772B3C1BC}.Debug|Any CPU.Build.0 = Debug|Any CPU
		{E5C0918D-73E4-4E3C-B882-F86772B3C1BC}.Release|Any CPU.ActiveCfg = Release|Any CPU
		{E5C0918D-73E4-4E3C-B882-F86772B3C1BC}.Release|Any CPU.Build.0 = Release|Any CPU
		{21D8C5AD-19D9-4295-84FF-279918E58666}.Debug|Any CPU.ActiveCfg = Debug|Any CPU
		{21D8C5AD-19D9-4295-84FF-279918E58666}.Debug|Any CPU.Build.0 = Debug|Any CPU
		{21D8C5AD-19D9-4295-84FF-279918E58666}.Release|Any CPU.ActiveCfg = Release|Any CPU
		{21D8C5AD-19D9-4295-84FF-279918E58666}.Release|Any CPU.Build.0 = Release|Any CPU
		{580FAFEB-9AEF-4B5C-8F68-F367DCE988FB}.Debug|Any CPU.ActiveCfg = Debug|Any CPU
		{580FAFEB-9AEF-4B5C-8F68-F367DCE988FB}.Debug|Any CPU.Build.0 = Debug|Any CPU
		{580FAFEB-9AEF-4B5C-8F68-F367DCE988FB}.Release|Any CPU.ActiveCfg = Release|Any CPU
		{580FAFEB-9AEF-4B5C-8F68-F367DCE988FB}.Release|Any CPU.Build.0 = Release|Any CPU
		{BD08089D-074E-476C-A2D7-C3982670D457}.Debug|Any CPU.ActiveCfg = Debug|Any CPU
		{BD08089D-074E-476C-A2D7-C3982670D457}.Debug|Any CPU.Build.0 = Debug|Any CPU
		{BD08089D-074E-476C-A2D7-C3982670D457}.Release|Any CPU.ActiveCfg = Release|Any CPU
		{BD08089D-074E-476C-A2D7-C3982670D457}.Release|Any CPU.Build.0 = Release|Any CPU
		{49300FB9-1336-445E-AD51-A20A6E0F3B8F}.Debug|Any CPU.ActiveCfg = Debug|Any CPU
		{49300FB9-1336-445E-AD51-A20A6E0F3B8F}.Debug|Any CPU.Build.0 = Debug|Any CPU
		{49300FB9-1336-445E-AD51-A20A6E0F3B8F}.Release|Any CPU.ActiveCfg = Release|Any CPU
		{49300FB9-1336-445E-AD51-A20A6E0F3B8F}.Release|Any CPU.Build.0 = Release|Any CPU
		{54C6F905-2585-41D3-8930-DD9FED4973E6}.Debug|Any CPU.ActiveCfg = Debug|Any CPU
		{54C6F905-2585-41D3-8930-DD9FED4973E6}.Debug|Any CPU.Build.0 = Debug|Any CPU
		{54C6F905-2585-41D3-8930-DD9FED4973E6}.Release|Any CPU.ActiveCfg = Release|Any CPU
		{54C6F905-2585-41D3-8930-DD9FED4973E6}.Release|Any CPU.Build.0 = Release|Any CPU
		{0617B23C-4FE9-4FF3-9A29-CD0E8C0C501B}.Debug|Any CPU.ActiveCfg = Debug|Any CPU
		{0617B23C-4FE9-4FF3-9A29-CD0E8C0C501B}.Debug|Any CPU.Build.0 = Debug|Any CPU
		{0617B23C-4FE9-4FF3-9A29-CD0E8C0C501B}.Release|Any CPU.ActiveCfg = Release|Any CPU
		{0617B23C-4FE9-4FF3-9A29-CD0E8C0C501B}.Release|Any CPU.Build.0 = Release|Any CPU
		{47547B0C-02B8-48D6-A163-827C5ACB8B1A}.Debug|Any CPU.ActiveCfg = Debug|Any CPU
		{47547B0C-02B8-48D6-A163-827C5ACB8B1A}.Debug|Any CPU.Build.0 = Debug|Any CPU
		{47547B0C-02B8-48D6-A163-827C5ACB8B1A}.Release|Any CPU.ActiveCfg = Release|Any CPU
		{47547B0C-02B8-48D6-A163-827C5ACB8B1A}.Release|Any CPU.Build.0 = Release|Any CPU
		{94A782FF-FDE6-42B7-B446-F1C309041631}.Debug|Any CPU.ActiveCfg = Debug|Any CPU
		{94A782FF-FDE6-42B7-B446-F1C309041631}.Debug|Any CPU.Build.0 = Debug|Any CPU
		{94A782FF-FDE6-42B7-B446-F1C309041631}.Release|Any CPU.ActiveCfg = Release|Any CPU
		{94A782FF-FDE6-42B7-B446-F1C309041631}.Release|Any CPU.Build.0 = Release|Any CPU
		{D93D4D7D-7499-41D2-A354-2761A08C7F3B}.Debug|Any CPU.ActiveCfg = Debug|Any CPU
		{D93D4D7D-7499-41D2-A354-2761A08C7F3B}.Debug|Any CPU.Build.0 = Debug|Any CPU
		{D93D4D7D-7499-41D2-A354-2761A08C7F3B}.Release|Any CPU.ActiveCfg = Release|Any CPU
		{D93D4D7D-7499-41D2-A354-2761A08C7F3B}.Release|Any CPU.Build.0 = Release|Any CPU
		{005E674A-7B1B-4EA6-838B-59DE9B09055E}.Debug|Any CPU.ActiveCfg = Debug|Any CPU
		{005E674A-7B1B-4EA6-838B-59DE9B09055E}.Debug|Any CPU.Build.0 = Debug|Any CPU
		{005E674A-7B1B-4EA6-838B-59DE9B09055E}.Release|Any CPU.ActiveCfg = Release|Any CPU
		{005E674A-7B1B-4EA6-838B-59DE9B09055E}.Release|Any CPU.Build.0 = Release|Any CPU
		{4A7D5F73-B351-4B76-A6EE-1869F1D72582}.Debug|Any CPU.ActiveCfg = Debug|Any CPU
		{4A7D5F73-B351-4B76-A6EE-1869F1D72582}.Debug|Any CPU.Build.0 = Debug|Any CPU
		{4A7D5F73-B351-4B76-A6EE-1869F1D72582}.Release|Any CPU.ActiveCfg = Release|Any CPU
		{4A7D5F73-B351-4B76-A6EE-1869F1D72582}.Release|Any CPU.Build.0 = Release|Any CPU
		{2432CF45-D2BE-46FD-BE27-6F0ED38755B0}.Debug|Any CPU.ActiveCfg = Debug|Any CPU
		{2432CF45-D2BE-46FD-BE27-6F0ED38755B0}.Debug|Any CPU.Build.0 = Debug|Any CPU
		{2432CF45-D2BE-46FD-BE27-6F0ED38755B0}.Release|Any CPU.ActiveCfg = Release|Any CPU
		{2432CF45-D2BE-46FD-BE27-6F0ED38755B0}.Release|Any CPU.Build.0 = Release|Any CPU
		{42FEE089-4DD3-4F70-8533-6D1B218A7D92}.Debug|Any CPU.ActiveCfg = Debug|Any CPU
		{42FEE089-4DD3-4F70-8533-6D1B218A7D92}.Debug|Any CPU.Build.0 = Debug|Any CPU
		{42FEE089-4DD3-4F70-8533-6D1B218A7D92}.Release|Any CPU.ActiveCfg = Release|Any CPU
		{42FEE089-4DD3-4F70-8533-6D1B218A7D92}.Release|Any CPU.Build.0 = Release|Any CPU
		{BA29BFBD-BE2C-4BD0-A2D8-589AEB65B879}.Debug|Any CPU.ActiveCfg = Debug|Any CPU
		{BA29BFBD-BE2C-4BD0-A2D8-589AEB65B879}.Debug|Any CPU.Build.0 = Debug|Any CPU
		{BA29BFBD-BE2C-4BD0-A2D8-589AEB65B879}.Release|Any CPU.ActiveCfg = Release|Any CPU
		{BA29BFBD-BE2C-4BD0-A2D8-589AEB65B879}.Release|Any CPU.Build.0 = Release|Any CPU
		{8C6447EB-A845-41A9-9BB5-30F097A61141}.Debug|Any CPU.ActiveCfg = Debug|Any CPU
		{8C6447EB-A845-41A9-9BB5-30F097A61141}.Debug|Any CPU.Build.0 = Debug|Any CPU
		{8C6447EB-A845-41A9-9BB5-30F097A61141}.Release|Any CPU.ActiveCfg = Release|Any CPU
		{8C6447EB-A845-41A9-9BB5-30F097A61141}.Release|Any CPU.Build.0 = Release|Any CPU
		{5981001F-C2A4-49EA-BFA0-36B9A1F86F86}.Debug|Any CPU.ActiveCfg = Debug|Any CPU
		{5981001F-C2A4-49EA-BFA0-36B9A1F86F86}.Debug|Any CPU.Build.0 = Debug|Any CPU
		{5981001F-C2A4-49EA-BFA0-36B9A1F86F86}.Release|Any CPU.ActiveCfg = Release|Any CPU
		{5981001F-C2A4-49EA-BFA0-36B9A1F86F86}.Release|Any CPU.Build.0 = Release|Any CPU
		{D5891950-9EEC-4ED3-9E87-048EF4BEF690}.Debug|Any CPU.ActiveCfg = Debug|Any CPU
		{D5891950-9EEC-4ED3-9E87-048EF4BEF690}.Debug|Any CPU.Build.0 = Debug|Any CPU
		{D5891950-9EEC-4ED3-9E87-048EF4BEF690}.Release|Any CPU.ActiveCfg = Release|Any CPU
		{D5891950-9EEC-4ED3-9E87-048EF4BEF690}.Release|Any CPU.Build.0 = Release|Any CPU
		{8AD101A4-E8B4-4884-A6C4-0F1CA9CC6074}.Debug|Any CPU.ActiveCfg = Debug|Any CPU
		{8AD101A4-E8B4-4884-A6C4-0F1CA9CC6074}.Debug|Any CPU.Build.0 = Debug|Any CPU
		{8AD101A4-E8B4-4884-A6C4-0F1CA9CC6074}.Release|Any CPU.ActiveCfg = Release|Any CPU
		{8AD101A4-E8B4-4884-A6C4-0F1CA9CC6074}.Release|Any CPU.Build.0 = Release|Any CPU
		{38577ABD-BA33-4091-9D0D-6CCADAC08911}.Debug|Any CPU.ActiveCfg = Debug|Any CPU
		{38577ABD-BA33-4091-9D0D-6CCADAC08911}.Debug|Any CPU.Build.0 = Debug|Any CPU
		{38577ABD-BA33-4091-9D0D-6CCADAC08911}.Release|Any CPU.ActiveCfg = Release|Any CPU
		{38577ABD-BA33-4091-9D0D-6CCADAC08911}.Release|Any CPU.Build.0 = Release|Any CPU
		{7CA4EC6C-798D-442E-9D87-70F02374B5C4}.Debug|Any CPU.ActiveCfg = Debug|Any CPU
		{7CA4EC6C-798D-442E-9D87-70F02374B5C4}.Debug|Any CPU.Build.0 = Debug|Any CPU
		{7CA4EC6C-798D-442E-9D87-70F02374B5C4}.Release|Any CPU.ActiveCfg = Release|Any CPU
		{7CA4EC6C-798D-442E-9D87-70F02374B5C4}.Release|Any CPU.Build.0 = Release|Any CPU
	EndGlobalSection
	GlobalSection(SolutionProperties) = preSolution
		HideSolutionNode = FALSE
	EndGlobalSection
	GlobalSection(ExtensibilityGlobals) = postSolution
		SolutionGuid = {E6C04654-8381-4477-A948-1ECAFAA33B4B}
	EndGlobalSection
EndGlobal
